// !$*UTF8*$!
{
	archiveVersion = 1;
	classes = {
	};
	objectVersion = 46;
	objects = {

/* Begin PBXBuildFile section */
		31D7F287132DC32200F25469 /* UIKit.framework in Frameworks */ = {isa = PBXBuildFile; fileRef = 31D7F286132DC32200F25469 /* UIKit.framework */; };
		31D7F289132DC32200F25469 /* Foundation.framework in Frameworks */ = {isa = PBXBuildFile; fileRef = 31D7F288132DC32200F25469 /* Foundation.framework */; };
		31D7F28B132DC32200F25469 /* CoreGraphics.framework in Frameworks */ = {isa = PBXBuildFile; fileRef = 31D7F28A132DC32200F25469 /* CoreGraphics.framework */; };
		31D7F291132DC32200F25469 /* InfoPlist.strings in Resources */ = {isa = PBXBuildFile; fileRef = 31D7F28F132DC32200F25469 /* InfoPlist.strings */; };
		31D7F294132DC32200F25469 /* main.m in Sources */ = {isa = PBXBuildFile; fileRef = 31D7F293132DC32200F25469 /* main.m */; };
		31D7F297132DC32200F25469 /* sheenAppDelegate.m in Sources */ = {isa = PBXBuildFile; fileRef = 31D7F296132DC32200F25469 /* sheenAppDelegate.m */; };
		31D7F29A132DC32200F25469 /* MainWindow.xib in Resources */ = {isa = PBXBuildFile; fileRef = 31D7F298132DC32200F25469 /* MainWindow.xib */; };
		31D7F29D132DC32200F25469 /* sheenViewController.m in Sources */ = {isa = PBXBuildFile; fileRef = 31D7F29C132DC32200F25469 /* sheenViewController.m */; };
		31D7F2A0132DC32200F25469 /* sheenViewController.xib in Resources */ = {isa = PBXBuildFile; fileRef = 31D7F29E132DC32200F25469 /* sheenViewController.xib */; };
		31D7F2A7132DC32300F25469 /* UIKit.framework in Frameworks */ = {isa = PBXBuildFile; fileRef = 31D7F286132DC32200F25469 /* UIKit.framework */; };
		31D7F2A8132DC32300F25469 /* Foundation.framework in Frameworks */ = {isa = PBXBuildFile; fileRef = 31D7F288132DC32200F25469 /* Foundation.framework */; };
		31D7F2A9132DC32300F25469 /* CoreGraphics.framework in Frameworks */ = {isa = PBXBuildFile; fileRef = 31D7F28A132DC32200F25469 /* CoreGraphics.framework */; };
		31D7F2B1132DC32300F25469 /* InfoPlist.strings in Resources */ = {isa = PBXBuildFile; fileRef = 31D7F2AF132DC32300F25469 /* InfoPlist.strings */; };
		31D7F2B4132DC32300F25469 /* sheenTests.h in Resources */ = {isa = PBXBuildFile; fileRef = 31D7F2B3132DC32300F25469 /* sheenTests.h */; };
		31D7F2B6132DC32300F25469 /* sheenTests.m in Sources */ = {isa = PBXBuildFile; fileRef = 31D7F2B5132DC32300F25469 /* sheenTests.m */; };
/* End PBXBuildFile section */

/* Begin PBXContainerItemProxy section */
		31D7F2AA132DC32300F25469 /* PBXContainerItemProxy */ = {
			isa = PBXContainerItemProxy;
			containerPortal = 31D7F279132DC32200F25469 /* Project object */;
			proxyType = 1;
			remoteGlobalIDString = 31D7F281132DC32200F25469;
			remoteInfo = sheen;
		};
/* End PBXContainerItemProxy section */

/* Begin PBXFileReference section */
		31D7F282132DC32200F25469 /* sheen.app */ = {isa = PBXFileReference; explicitFileType = wrapper.application; includeInIndex = 0; path = sheen.app; sourceTree = BUILT_PRODUCTS_DIR; };
		31D7F286132DC32200F25469 /* UIKit.framework */ = {isa = PBXFileReference; lastKnownFileType = wrapper.framework; name = UIKit.framework; path = System/Library/Frameworks/UIKit.framework; sourceTree = SDKROOT; };
		31D7F288132DC32200F25469 /* Foundation.framework */ = {isa = PBXFileReference; lastKnownFileType = wrapper.framework; name = Foundation.framework; path = System/Library/Frameworks/Foundation.framework; sourceTree = SDKROOT; };
		31D7F28A132DC32200F25469 /* CoreGraphics.framework */ = {isa = PBXFileReference; lastKnownFileType = wrapper.framework; name = CoreGraphics.framework; path = System/Library/Frameworks/CoreGraphics.framework; sourceTree = SDKROOT; };
		31D7F28E132DC32200F25469 /* sheen-Info.plist */ = {isa = PBXFileReference; path = "sheen-Info.plist"; sourceTree = "<group>"; };
		31D7F290132DC32200F25469 /* en */ = {isa = PBXFileReference; lastKnownFileType = text.plist.strings; name = en; path = en.lproj/InfoPlist.strings; sourceTree = "<group>"; };
		31D7F292132DC32200F25469 /* sheen-Prefix.pch */ = {isa = PBXFileReference; path = "sheen-Prefix.pch"; sourceTree = "<group>"; };
		31D7F293132DC32200F25469 /* main.m */ = {isa = PBXFileReference; lastKnownFileType = sourcecode.c.objc; path = main.m; sourceTree = "<group>"; };
		31D7F295132DC32200F25469 /* sheenAppDelegate.h */ = {isa = PBXFileReference; path = sheenAppDelegate.h; sourceTree = "<group>"; };
		31D7F296132DC32200F25469 /* sheenAppDelegate.m */ = {isa = PBXFileReference; lastKnownFileType = sourcecode.c.objc; path = sheenAppDelegate.m; sourceTree = "<group>"; };
		31D7F299132DC32200F25469 /* en */ = {isa = PBXFileReference; lastKnownFileType = file.xib; name = en; path = en.lproj/MainWindow.xib; sourceTree = "<group>"; };
		31D7F29B132DC32200F25469 /* sheenViewController.h */ = {isa = PBXFileReference; path = sheenViewController.h; sourceTree = "<group>"; };
		31D7F29C132DC32200F25469 /* sheenViewController.m */ = {isa = PBXFileReference; lastKnownFileType = sourcecode.c.objc; path = sheenViewController.m; sourceTree = "<group>"; };
		31D7F29F132DC32200F25469 /* en */ = {isa = PBXFileReference; lastKnownFileType = file.xib; name = en; path = en.lproj/sheenViewController.xib; sourceTree = "<group>"; };
		31D7F2A6132DC32300F25469 /* sheenTests.octest */ = {isa = PBXFileReference; explicitFileType = wrapper.cfbundle; includeInIndex = 0; path = sheenTests.octest; sourceTree = BUILT_PRODUCTS_DIR; };
		31D7F2AE132DC32300F25469 /* sheenTests-Info.plist */ = {isa = PBXFileReference; path = "sheenTests-Info.plist"; sourceTree = "<group>"; };
		31D7F2B0132DC32300F25469 /* en */ = {isa = PBXFileReference; lastKnownFileType = text.plist.strings; name = en; path = en.lproj/InfoPlist.strings; sourceTree = "<group>"; };
		31D7F2B2132DC32300F25469 /* sheenTests-Prefix.pch */ = {isa = PBXFileReference; path = "sheenTests-Prefix.pch"; sourceTree = "<group>"; };
		31D7F2B3132DC32300F25469 /* sheenTests.h */ = {isa = PBXFileReference; lastKnownFileType = sourcecode.c.h; path = sheenTests.h; sourceTree = "<group>"; };
		31D7F2B5132DC32300F25469 /* sheenTests.m */ = {isa = PBXFileReference; lastKnownFileType = sourcecode.c.objc; path = sheenTests.m; sourceTree = "<group>"; };
/* End PBXFileReference section */

/* Begin PBXFrameworksBuildPhase section */
		31D7F27F132DC32200F25469 /* Frameworks */ = {
			isa = PBXFrameworksBuildPhase;
			buildActionMask = 2147483647;
			files = (
				31D7F287132DC32200F25469 /* UIKit.framework in Frameworks */,
				31D7F289132DC32200F25469 /* Foundation.framework in Frameworks */,
				31D7F28B132DC32200F25469 /* CoreGraphics.framework in Frameworks */,
			);
			runOnlyForDeploymentPostprocessing = 0;
		};
		31D7F2A2132DC32200F25469 /* Frameworks */ = {
			isa = PBXFrameworksBuildPhase;
			buildActionMask = 2147483647;
			files = (
				31D7F2A7132DC32300F25469 /* UIKit.framework in Frameworks */,
				31D7F2A8132DC32300F25469 /* Foundation.framework in Frameworks */,
				31D7F2A9132DC32300F25469 /* CoreGraphics.framework in Frameworks */,
			);
			runOnlyForDeploymentPostprocessing = 0;
		};
/* End PBXFrameworksBuildPhase section */

/* Begin PBXGroup section */
		31D7F277132DC32200F25469 = {
			isa = PBXGroup;
			children = (
				31D7F28C132DC32200F25469 /* sheen */,
				31D7F2AC132DC32300F25469 /* sheenTests */,
				31D7F285132DC32200F25469 /* Frameworks */,
				31D7F283132DC32200F25469 /* Products */,
			);
			sourceTree = "<group>";
		};
		31D7F283132DC32200F25469 /* Products */ = {
			isa = PBXGroup;
			children = (
				31D7F282132DC32200F25469 /* sheen.app */,
				31D7F2A6132DC32300F25469 /* sheenTests.octest */,
			);
			name = Products;
			sourceTree = "<group>";
		};
		31D7F285132DC32200F25469 /* Frameworks */ = {
			isa = PBXGroup;
			children = (
				31D7F286132DC32200F25469 /* UIKit.framework */,
				31D7F288132DC32200F25469 /* Foundation.framework */,
				31D7F28A132DC32200F25469 /* CoreGraphics.framework */,
			);
			name = Frameworks;
			sourceTree = "<group>";
		};
		31D7F28C132DC32200F25469 /* sheen */ = {
			isa = PBXGroup;
			children = (
				31D7F295132DC32200F25469 /* sheenAppDelegate.h */,
				31D7F296132DC32200F25469 /* sheenAppDelegate.m */,
				31D7F298132DC32200F25469 /* MainWindow.xib */,
				31D7F29B132DC32200F25469 /* sheenViewController.h */,
				31D7F29C132DC32200F25469 /* sheenViewController.m */,
				31D7F29E132DC32200F25469 /* sheenViewController.xib */,
				31D7F28D132DC32200F25469 /* Supporting Files */,
			);
			path = sheen;
			sourceTree = "<group>";
		};
		31D7F28D132DC32200F25469 /* Supporting Files */ = {
			isa = PBXGroup;
			children = (
				31D7F28E132DC32200F25469 /* sheen-Info.plist */,
				31D7F28F132DC32200F25469 /* InfoPlist.strings */,
				31D7F292132DC32200F25469 /* sheen-Prefix.pch */,
				31D7F293132DC32200F25469 /* main.m */,
			);
			name = "Supporting Files";
			sourceTree = "<group>";
		};
		31D7F2AC132DC32300F25469 /* sheenTests */ = {
			isa = PBXGroup;
			children = (
				31D7F2B3132DC32300F25469 /* sheenTests.h */,
				31D7F2B5132DC32300F25469 /* sheenTests.m */,
				31D7F2AD132DC32300F25469 /* Supporting Files */,
			);
			path = sheenTests;
			sourceTree = "<group>";
		};
		31D7F2AD132DC32300F25469 /* Supporting Files */ = {
			isa = PBXGroup;
			children = (
				31D7F2AE132DC32300F25469 /* sheenTests-Info.plist */,
				31D7F2AF132DC32300F25469 /* InfoPlist.strings */,
				31D7F2B2132DC32300F25469 /* sheenTests-Prefix.pch */,
			);
			name = "Supporting Files";
			sourceTree = "<group>";
		};
/* End PBXGroup section */

/* Begin PBXNativeTarget section */
		31D7F281132DC32200F25469 /* sheen */ = {
			isa = PBXNativeTarget;
			buildConfigurationList = 31D7F2B9132DC32300F25469 /* Build configuration list for PBXNativeTarget "sheen" */;
			buildPhases = (
				31D7F27E132DC32200F25469 /* Sources */,
				31D7F27F132DC32200F25469 /* Frameworks */,
				31D7F280132DC32200F25469 /* Resources */,
			);
			buildRules = (
			);
			dependencies = (
			);
			name = sheen;
			productName = sheen;
			productReference = 31D7F282132DC32200F25469 /* sheen.app */;
			productType = "com.apple.product-type.application";
		};
		31D7F2A5132DC32200F25469 /* sheenTests */ = {
			isa = PBXNativeTarget;
			buildConfigurationList = 31D7F2BC132DC32300F25469 /* Build configuration list for PBXNativeTarget "sheenTests" */;
			buildPhases = (
				31D7F2A1132DC32200F25469 /* Sources */,
				31D7F2A2132DC32200F25469 /* Frameworks */,
				31D7F2A3132DC32200F25469 /* Resources */,
				31D7F2A4132DC32200F25469 /* ShellScript */,
			);
			buildRules = (
			);
			dependencies = (
				31D7F2AB132DC32300F25469 /* PBXTargetDependency */,
			);
			name = sheenTests;
			productName = sheenTests;
			productReference = 31D7F2A6132DC32300F25469 /* sheenTests.octest */;
			productType = "com.apple.product-type.bundle";
		};
/* End PBXNativeTarget section */

/* Begin PBXProject section */
		31D7F279132DC32200F25469 /* Project object */ = {
			isa = PBXProject;
			buildConfigurationList = 31D7F27C132DC32200F25469 /* Build configuration list for PBXProject "sheen" */;
			compatibilityVersion = "Xcode 3.2";
			developmentRegion = English;
			hasScannedForEncodings = 0;
			knownRegions = (
				en,
			);
			mainGroup = 31D7F277132DC32200F25469;
			productRefGroup = 31D7F283132DC32200F25469 /* Products */;
			projectDirPath = "";
			projectRoot = "";
			targets = (
				31D7F281132DC32200F25469 /* sheen */,
				31D7F2A5132DC32200F25469 /* sheenTests */,
			);
		};
/* End PBXProject section */

/* Begin PBXResourcesBuildPhase section */
		31D7F280132DC32200F25469 /* Resources */ = {
			isa = PBXResourcesBuildPhase;
			buildActionMask = 2147483647;
			files = (
				31D7F291132DC32200F25469 /* InfoPlist.strings in Resources */,
				31D7F29A132DC32200F25469 /* MainWindow.xib in Resources */,
				31D7F2A0132DC32200F25469 /* sheenViewController.xib in Resources */,
			);
			runOnlyForDeploymentPostprocessing = 0;
		};
		31D7F2A3132DC32200F25469 /* Resources */ = {
			isa = PBXResourcesBuildPhase;
			buildActionMask = 2147483647;
			files = (
				31D7F2B1132DC32300F25469 /* InfoPlist.strings in Resources */,
				31D7F2B4132DC32300F25469 /* sheenTests.h in Resources */,
			);
			runOnlyForDeploymentPostprocessing = 0;
		};
/* End PBXResourcesBuildPhase section */

/* Begin PBXShellScriptBuildPhase section */
		31D7F2A4132DC32200F25469 /* ShellScript */ = {
			isa = PBXShellScriptBuildPhase;
			buildActionMask = 2147483647;
			files = (
			);
			inputPaths = (
			);
			outputPaths = (
			);
			runOnlyForDeploymentPostprocessing = 0;
			shellPath = /bin/sh;
			shellScript = "# Run the unit tests in this test bundle.\n\"${SYSTEM_DEVELOPER_DIR}/Tools/RunUnitTests\"\n";
		};
/* End PBXShellScriptBuildPhase section */

/* Begin PBXSourcesBuildPhase section */
		31D7F27E132DC32200F25469 /* Sources */ = {
			isa = PBXSourcesBuildPhase;
			buildActionMask = 2147483647;
			files = (
				31D7F294132DC32200F25469 /* main.m in Sources */,
				31D7F297132DC32200F25469 /* sheenAppDelegate.m in Sources */,
				31D7F29D132DC32200F25469 /* sheenViewController.m in Sources */,
			);
			runOnlyForDeploymentPostprocessing = 0;
		};
		31D7F2A1132DC32200F25469 /* Sources */ = {
			isa = PBXSourcesBuildPhase;
			buildActionMask = 2147483647;
			files = (
				31D7F2B6132DC32300F25469 /* sheenTests.m in Sources */,
			);
			runOnlyForDeploymentPostprocessing = 0;
		};
/* End PBXSourcesBuildPhase section */

/* Begin PBXTargetDependency section */
		31D7F2AB132DC32300F25469 /* PBXTargetDependency */ = {
			isa = PBXTargetDependency;
			target = 31D7F281132DC32200F25469 /* sheen */;
			targetProxy = 31D7F2AA132DC32300F25469 /* PBXContainerItemProxy */;
		};
/* End PBXTargetDependency section */

/* Begin PBXVariantGroup section */
		31D7F28F132DC32200F25469 /* InfoPlist.strings */ = {
			isa = PBXVariantGroup;
			children = (
				31D7F290132DC32200F25469 /* en */,
			);
			name = InfoPlist.strings;
			sourceTree = "<group>";
		};
		31D7F298132DC32200F25469 /* MainWindow.xib */ = {
			isa = PBXVariantGroup;
			children = (
				31D7F299132DC32200F25469 /* en */,
			);
			name = MainWindow.xib;
			sourceTree = "<group>";
		};
		31D7F29E132DC32200F25469 /* sheenViewController.xib */ = {
			isa = PBXVariantGroup;
			children = (
				31D7F29F132DC32200F25469 /* en */,
			);
			name = sheenViewController.xib;
			sourceTree = "<group>";
		};
		31D7F2AF132DC32300F25469 /* InfoPlist.strings */ = {
			isa = PBXVariantGroup;
			children = (
				31D7F2B0132DC32300F25469 /* en */,
			);
			name = InfoPlist.strings;
			sourceTree = "<group>";
		};
/* End PBXVariantGroup section */

/* Begin XCBuildConfiguration section */
		31D7F2B7132DC32300F25469 /* Debug */ = {
			isa = XCBuildConfiguration;
			buildSettings = {
				ARCHS = "$(ARCHS_STANDARD_32_BIT)";
				"CODE_SIGN_IDENTITY[sdk=iphoneos*]" = "iPhone Developer";
				GCC_C_LANGUAGE_STANDARD = gnu99;
				GCC_OPTIMIZATION_LEVEL = 0;
				GCC_PREPROCESSOR_DEFINITIONS = DEBUG;
				GCC_SYMBOLS_PRIVATE_EXTERN = NO;
				GCC_VERSION = com.apple.compilers.llvmgcc42;
				GCC_WARN_ABOUT_RETURN_TYPE = YES;
				GCC_WARN_UNUSED_VARIABLE = YES;
				IPHONEOS_DEPLOYMENT_TARGET = 4.3;
				SDKROOT = iphoneos;
			};
			name = Debug;
		};
		31D7F2B8132DC32300F25469 /* Release */ = {
			isa = XCBuildConfiguration;
			buildSettings = {
				ARCHS = "$(ARCHS_STANDARD_32_BIT)";
				"CODE_SIGN_IDENTITY[sdk=iphoneos*]" = "iPhone Developer";
				GCC_C_LANGUAGE_STANDARD = gnu99;
				GCC_VERSION = com.apple.compilers.llvmgcc42;
				GCC_WARN_ABOUT_RETURN_TYPE = YES;
				GCC_WARN_UNUSED_VARIABLE = YES;
				IPHONEOS_DEPLOYMENT_TARGET = 4.3;
				OTHER_CFLAGS = "-DNS_BLOCK_ASSERTIONS=1";
				SDKROOT = iphoneos;
			};
			name = Release;
		};
		31D7F2BA132DC32300F25469 /* Debug */ = {
			isa = XCBuildConfiguration;
			buildSettings = {
				ALWAYS_SEARCH_USER_PATHS = NO;
				COPY_PHASE_STRIP = NO;
				GCC_DYNAMIC_NO_PIC = NO;
				GCC_PRECOMPILE_PREFIX_HEADER = YES;
				GCC_PREFIX_HEADER = "sheen/sheen-Prefix.pch";
				INFOPLIST_FILE = "sheen/sheen-Info.plist";
				PRODUCT_NAME = "$(TARGET_NAME)";
				WRAPPER_EXTENSION = app;
			};
			name = Debug;
		};
		31D7F2BB132DC32300F25469 /* Release */ = {
			isa = XCBuildConfiguration;
			buildSettings = {
				ALWAYS_SEARCH_USER_PATHS = NO;
				COPY_PHASE_STRIP = YES;
				GCC_PRECOMPILE_PREFIX_HEADER = YES;
				GCC_PREFIX_HEADER = "sheen/sheen-Prefix.pch";
				INFOPLIST_FILE = "sheen/sheen-Info.plist";
				PRODUCT_NAME = "$(TARGET_NAME)";
				VALIDATE_PRODUCT = YES;
				WRAPPER_EXTENSION = app;
			};
			name = Release;
		};
		31D7F2BD132DC32300F25469 /* Debug */ = {
			isa = XCBuildConfiguration;
			buildSettings = {
				ALWAYS_SEARCH_USER_PATHS = NO;
				BUNDLE_LOADER = "$(BUILT_PRODUCTS_DIR)/sheen.app/sheen";
				FRAMEWORK_SEARCH_PATHS = (
					"$(SDKROOT)/Developer/Library/Frameworks",
					"$(DEVELOPER_LIBRARY_DIR)/Frameworks",
				);
				GCC_PRECOMPILE_PREFIX_HEADER = YES;
				GCC_PREFIX_HEADER = "sheenTests/sheenTests-Prefix.pch";
				INFOPLIST_FILE = "sheenTests/sheenTests-Info.plist";
				OTHER_LDFLAGS = (
					"-framework",
					SenTestingKit,
				);
				PRODUCT_NAME = "$(TARGET_NAME)";
				TEST_HOST = "$(BUNDLE_LOADER)";
				WRAPPER_EXTENSION = octest;
			};
			name = Debug;
		};
		31D7F2BE132DC32300F25469 /* Release */ = {
			isa = XCBuildConfiguration;
			buildSettings = {
				ALWAYS_SEARCH_USER_PATHS = NO;
				BUNDLE_LOADER = "$(BUILT_PRODUCTS_DIR)/sheen.app/sheen";
				FRAMEWORK_SEARCH_PATHS = (
					"$(SDKROOT)/Developer/Library/Frameworks",
					"$(DEVELOPER_LIBRARY_DIR)/Frameworks",
				);
				GCC_PRECOMPILE_PREFIX_HEADER = YES;
				GCC_PREFIX_HEADER = "sheenTests/sheenTests-Prefix.pch";
				INFOPLIST_FILE = "sheenTests/sheenTests-Info.plist";
				OTHER_LDFLAGS = (
					"-framework",
					SenTestingKit,
				);
				PRODUCT_NAME = "$(TARGET_NAME)";
				TEST_HOST = "$(BUNDLE_LOADER)";
				WRAPPER_EXTENSION = octest;
			};
			name = Release;
		};
/* End XCBuildConfiguration section */

/* Begin XCConfigurationList section */
		31D7F27C132DC32200F25469 /* Build configuration list for PBXProject "sheen" */ = {
			isa = XCConfigurationList;
			buildConfigurations = (
				31D7F2B7132DC32300F25469 /* Debug */,
				31D7F2B8132DC32300F25469 /* Release */,
			);
			defaultConfigurationIsVisible = 0;
			defaultConfigurationName = Release;
		};
		31D7F2B9132DC32300F25469 /* Build configuration list for PBXNativeTarget "sheen" */ = {
			isa = XCConfigurationList;
			buildConfigurations = (
				31D7F2BA132DC32300F25469 /* Debug */,
				31D7F2BB132DC32300F25469 /* Release */,
			);
			defaultConfigurationIsVisible = 0;
		};
		31D7F2BC132DC32300F25469 /* Build configuration list for PBXNativeTarget "sheenTests" */ = {
			isa = XCConfigurationList;
			buildConfigurations = (
				31D7F2BD132DC32300F25469 /* Debug */,
				31D7F2BE132DC32300F25469 /* Release */,
			);
			defaultConfigurationIsVisible = 0;
		};
/* End XCConfigurationList section */
	};
	rootObject = 31D7F279132DC32200F25469 /* Project object */;
}
